
Microsoft Visual Studio Solution File, Format Version 12.00
# Visual Studio Version 17
VisualStudioVersion = 17.2.32630.192
MinimumVisualStudioVersion = 10.0.40219.1
Project("{9A19103F-16F7-4668-BE54-9A1E7A4F7556}") = "Mc2.CrudTest.Presentation.Front", "Mc2.CrudTest.Presentation\Front\Mc2.CrudTest.Presentation.Front.csproj", "{4B62EAE3-1858-4833-9E36-EE77FADC2328}"
EndProject
Project("{9A19103F-16F7-4668-BE54-9A1E7A4F7556}") = "Mc2.CrudTest.AcceptanceTests", "Mc2.CrudTest.AcceptanceTests\Mc2.CrudTest.AcceptanceTests.csproj", "{00E0E714-1EB4-4B62-950F-AE7C3BFD6766}"
EndProject
Project("{9A19103F-16F7-4668-BE54-9A1E7A4F7556}") = "Mc2.CrudTest.Shared", "Mc2.CrudTest.Presentation\Shared\Mc2.CrudTest.Shared.csproj", "{661369DC-0F78-4889-BA3B-639513A49789}"
EndProject
Project("{9A19103F-16F7-4668-BE54-9A1E7A4F7556}") = "Mc2.CrudTest.Presentation.Server", "Mc2.CrudTest.Presentation\Server\Mc2.CrudTest.Presentation.Server.csproj", "{8D41010B-AEF1-4742-B7EC-6A5AE62C45FC}"
EndProject
Project("{2150E333-8FDC-42A3-9474-1A3956D46DE8}") = "App", "App", "{892BC653-B02E-4F9F-B5E3-F7B87C02E6C3}"
EndProject
Project("{2150E333-8FDC-42A3-9474-1A3956D46DE8}") = "Components", "Components", "{EFCE089D-64BE-4D74-A7BD-E94F4959064F}"
EndProject
Project("{2150E333-8FDC-42A3-9474-1A3956D46DE8}") = "Application-Layer", "Application-Layer", "{52D78EAF-5B7E-49A3-9260-7FF2C481B667}"
EndProject
Project("{2150E333-8FDC-42A3-9474-1A3956D46DE8}") = "BusinessLogic-Layer", "BusinessLogic-Layer", "{F39DD6CB-9696-4477-9A3C-A5F99D23656A}"
EndProject
Project("{2150E333-8FDC-42A3-9474-1A3956D46DE8}") = "Database-Layer", "Database-Layer", "{274F4999-6339-492E-89D1-291D175EFA52}"
EndProject
Project("{2150E333-8FDC-42A3-9474-1A3956D46DE8}") = "Test-Layer", "Test-Layer", "{6C38A7D4-ECCE-4EE2-9152-54AB01458569}"
EndProject
Project("{FAE04EC0-301F-11D3-BF4B-00C04F79EFBC}") = "Mc2.CrudTest.Storage", "Mc2.CrudTest.Storage\Mc2.CrudTest.Storage.csproj", "{2DAC81EE-1BED-41BB-A77E-72ADBBD6742D}"
EndProject
Project("{FAE04EC0-301F-11D3-BF4B-00C04F79EFBC}") = "Mc2.CrudTest.Domain", "Mc2.CrudTest.Domain\Mc2.CrudTest.Domain.csproj", "{281E166F-8F06-46AD-8F4D-68462C0D7903}"
EndProject
Project("{FAE04EC0-301F-11D3-BF4B-00C04F79EFBC}") = "Mc2.CrudTest.Logics", "Mc2.CrudTest.Logics\Mc2.CrudTest.Logics.csproj", "{CB024C74-1E58-4F33-B90D-54AD5D27626B}"
EndProject
Project("{FAE04EC0-301F-11D3-BF4B-00C04F79EFBC}") = "Mc2.CrudTest.Services", "Mc2.CrudTest.Services\Mc2.CrudTest.Services.csproj", "{8A0A623D-7ED2-4BE9-9948-18A77E918F35}"
EndProject
Project("{FAE04EC0-301F-11D3-BF4B-00C04F79EFBC}") = "Mc2.CrudTest.Application.API", "Mc2.CrudTest.Application.API\Mc2.CrudTest.Application.API.csproj", "{419E819F-6BEA-40EA-8968-D0D9C21D5BA3}"
EndProject
Global
	GlobalSection(SolutionConfigurationPlatforms) = preSolution
		Debug|Any CPU = Debug|Any CPU
		Release|Any CPU = Release|Any CPU
	EndGlobalSection
	GlobalSection(ProjectConfigurationPlatforms) = postSolution
		{4B62EAE3-1858-4833-9E36-EE77FADC2328}.Debug|Any CPU.ActiveCfg = Debug|Any CPU
		{4B62EAE3-1858-4833-9E36-EE77FADC2328}.Debug|Any CPU.Build.0 = Debug|Any CPU
		{4B62EAE3-1858-4833-9E36-EE77FADC2328}.Release|Any CPU.ActiveCfg = Release|Any CPU
		{4B62EAE3-1858-4833-9E36-EE77FADC2328}.Release|Any CPU.Build.0 = Release|Any CPU
		{00E0E714-1EB4-4B62-950F-AE7C3BFD6766}.Debug|Any CPU.ActiveCfg = Debug|Any CPU
		{00E0E714-1EB4-4B62-950F-AE7C3BFD6766}.Debug|Any CPU.Build.0 = Debug|Any CPU
		{00E0E714-1EB4-4B62-950F-AE7C3BFD6766}.Release|Any CPU.ActiveCfg = Release|Any CPU
		{00E0E714-1EB4-4B62-950F-AE7C3BFD6766}.Release|Any CPU.Build.0 = Release|Any CPU
		{661369DC-0F78-4889-BA3B-639513A49789}.Debug|Any CPU.ActiveCfg = Debug|Any CPU
		{661369DC-0F78-4889-BA3B-639513A49789}.Debug|Any CPU.Build.0 = Debug|Any CPU
		{661369DC-0F78-4889-BA3B-639513A49789}.Release|Any CPU.ActiveCfg = Release|Any CPU
		{661369DC-0F78-4889-BA3B-639513A49789}.Release|Any CPU.Build.0 = Release|Any CPU
		{8D41010B-AEF1-4742-B7EC-6A5AE62C45FC}.Debug|Any CPU.ActiveCfg = Debug|Any CPU
		{8D41010B-AEF1-4742-B7EC-6A5AE62C45FC}.Debug|Any CPU.Build.0 = Debug|Any CPU
		{8D41010B-AEF1-4742-B7EC-6A5AE62C45FC}.Release|Any CPU.ActiveCfg = Release|Any CPU
		{8D41010B-AEF1-4742-B7EC-6A5AE62C45FC}.Release|Any CPU.Build.0 = Release|Any CPU
		{2DAC81EE-1BED-41BB-A77E-72ADBBD6742D}.Debug|Any CPU.ActiveCfg = Debug|Any CPU
		{2DAC81EE-1BED-41BB-A77E-72ADBBD6742D}.Debug|Any CPU.Build.0 = Debug|Any CPU
		{2DAC81EE-1BED-41BB-A77E-72ADBBD6742D}.Release|Any CPU.ActiveCfg = Release|Any CPU
		{2DAC81EE-1BED-41BB-A77E-72ADBBD6742D}.Release|Any CPU.Build.0 = Release|Any CPU
		{281E166F-8F06-46AD-8F4D-68462C0D7903}.Debug|Any CPU.ActiveCfg = Debug|Any CPU
		{281E166F-8F06-46AD-8F4D-68462C0D7903}.Debug|Any CPU.Build.0 = Debug|Any CPU
		{281E166F-8F06-46AD-8F4D-68462C0D7903}.Release|Any CPU.ActiveCfg = Release|Any CPU
		{281E166F-8F06-46AD-8F4D-68462C0D7903}.Release|Any CPU.Build.0 = Release|Any CPU
		{CB024C74-1E58-4F33-B90D-54AD5D27626B}.Debug|Any CPU.ActiveCfg = Debug|Any CPU
		{CB024C74-1E58-4F33-B90D-54AD5D27626B}.Debug|Any CPU.Build.0 = Debug|Any CPU
		{CB024C74-1E58-4F33-B90D-54AD5D27626B}.Release|Any CPU.ActiveCfg = Release|Any CPU
		{CB024C74-1E58-4F33-B90D-54AD5D27626B}.Release|Any CPU.Build.0 = Release|Any CPU
		{8A0A623D-7ED2-4BE9-9948-18A77E918F35}.Debug|Any CPU.ActiveCfg = Debug|Any CPU
		{8A0A623D-7ED2-4BE9-9948-18A77E918F35}.Debug|Any CPU.Build.0 = Debug|Any CPU
		{8A0A623D-7ED2-4BE9-9948-18A77E918F35}.Release|Any CPU.ActiveCfg = Release|Any CPU
		{8A0A623D-7ED2-4BE9-9948-18A77E918F35}.Release|Any CPU.Build.0 = Release|Any CPU
		{419E819F-6BEA-40EA-8968-D0D9C21D5BA3}.Debug|Any CPU.ActiveCfg = Debug|Any CPU
		{419E819F-6BEA-40EA-8968-D0D9C21D5BA3}.Debug|Any CPU.Build.0 = Debug|Any CPU
		{419E819F-6BEA-40EA-8968-D0D9C21D5BA3}.Release|Any CPU.ActiveCfg = Release|Any CPU
		{419E819F-6BEA-40EA-8968-D0D9C21D5BA3}.Release|Any CPU.Build.0 = Release|Any CPU
	EndGlobalSection
	GlobalSection(SolutionProperties) = preSolution
		HideSolutionNode = FALSE
	EndGlobalSection
	GlobalSection(NestedProjects) = preSolution
		{4B62EAE3-1858-4833-9E36-EE77FADC2328} = {52D78EAF-5B7E-49A3-9260-7FF2C481B667}
		{00E0E714-1EB4-4B62-950F-AE7C3BFD6766} = {6C38A7D4-ECCE-4EE2-9152-54AB01458569}
		{661369DC-0F78-4889-BA3B-639513A49789} = {EFCE089D-64BE-4D74-A7BD-E94F4959064F}
		{8D41010B-AEF1-4742-B7EC-6A5AE62C45FC} = {52D78EAF-5B7E-49A3-9260-7FF2C481B667}
		{52D78EAF-5B7E-49A3-9260-7FF2C481B667} = {892BC653-B02E-4F9F-B5E3-F7B87C02E6C3}
		{F39DD6CB-9696-4477-9A3C-A5F99D23656A} = {892BC653-B02E-4F9F-B5E3-F7B87C02E6C3}
		{274F4999-6339-492E-89D1-291D175EFA52} = {892BC653-B02E-4F9F-B5E3-F7B87C02E6C3}
		{6C38A7D4-ECCE-4EE2-9152-54AB01458569} = {892BC653-B02E-4F9F-B5E3-F7B87C02E6C3}
		{2DAC81EE-1BED-41BB-A77E-72ADBBD6742D} = {274F4999-6339-492E-89D1-291D175EFA52}
		{281E166F-8F06-46AD-8F4D-68462C0D7903} = {274F4999-6339-492E-89D1-291D175EFA52}
		{CB024C74-1E58-4F33-B90D-54AD5D27626B} = {F39DD6CB-9696-4477-9A3C-A5F99D23656A}
		{8A0A623D-7ED2-4BE9-9948-18A77E918F35} = {F39DD6CB-9696-4477-9A3C-A5F99D23656A}
		{419E819F-6BEA-40EA-8968-D0D9C21D5BA3} = {52D78EAF-5B7E-49A3-9260-7FF2C481B667}
	EndGlobalSection
	GlobalSection(ExtensibilityGlobals) = postSolution
		SolutionGuid = {4B5A26C9-68C1-49D9-9F32-AF907A1730C2}
	EndGlobalSection
EndGlobal
